
Microsoft Visual Studio Solution File, Format Version 12.00
# Visual Studio 15
VisualStudioVersion = 15.0.28307.645
MinimumVisualStudioVersion = 10.0.40219.1
Project("{FAE04EC0-301F-11D3-BF4B-00C04F79EFBC}") = "VidlyApp", "VidlyApp\VidlyApp.csproj", "{FBB3CC90-0F15-4410-B889-49133F711FA1}"
EndProject
Global
	GlobalSection(SolutionConfigurationPlatforms) = preSolution
		Debug|Any CPU = Debug|Any CPU
		Release|Any CPU = Release|Any CPU
	EndGlobalSection
	GlobalSection(ProjectConfigurationPlatforms) = postSolution
		{FBB3CC90-0F15-4410-B889-49133F711FA1}.Debug|Any CPU.ActiveCfg = Debug|Any CPU
		{FBB3CC90-0F15-4410-B889-49133F711FA1}.Debug|Any CPU.Build.0 = Debug|Any CPU
		{FBB3CC90-0F15-4410-B889-49133F711FA1}.Release|Any CPU.ActiveCfg = Release|Any CPU
		{FBB3CC90-0F15-4410-B889-49133F711FA1}.Release|Any CPU.Build.0 = Release|Any CPU
	EndGlobalSection
	GlobalSection(SolutionProperties) = preSolution
		HideSolutionNode = FALSE
	EndGlobalSection
	GlobalSection(ExtensibilityGlobals) = postSolution
		SolutionGuid = {E0392B82-A023-4E2E-BC1F-BD1B35E02698}
	EndGlobalSection
EndGlobal
